
Microsoft Visual Studio Solution File, Format Version 12.00
# Visual Studio Version 17
VisualStudioVersion = 17.3.32901.215
MinimumVisualStudioVersion = 10.0.40219.1
Project("{9A19103F-16F7-4668-BE54-9A1E7A4F7556}") = "odev", "odev\odev.csproj", "{3334C919-1414-4564-9230-7CE3FEB25E69}"
EndProject
Project("{9A19103F-16F7-4668-BE54-9A1E7A4F7556}") = "odevıcınado2tekrarı", "odevıcınado2tekrarı\odevıcınado2tekrarı.csproj", "{38E9EF2E-FF13-4AAB-AD56-3050EC6EB639}"
EndProject
Project("{FAE04EC0-301F-11D3-BF4B-00C04F79EFBC}") = "SuppliersOdev", "SuppliersOdev\SuppliersOdev.csproj", "{5E90FAE1-C73D-4209-829E-ADF778F75241}"
EndProject
Global
	GlobalSection(SolutionConfigurationPlatforms) = preSolution
		Debug|Any CPU = Debug|Any CPU
		Release|Any CPU = Release|Any CPU
	EndGlobalSection
	GlobalSection(ProjectConfigurationPlatforms) = postSolution
		{3334C919-1414-4564-9230-7CE3FEB25E69}.Debug|Any CPU.ActiveCfg = Debug|Any CPU
		{3334C919-1414-4564-9230-7CE3FEB25E69}.Debug|Any CPU.Build.0 = Debug|Any CPU
		{3334C919-1414-4564-9230-7CE3FEB25E69}.Release|Any CPU.ActiveCfg = Release|Any CPU
		{3334C919-1414-4564-9230-7CE3FEB25E69}.Release|Any CPU.Build.0 = Release|Any CPU
		{38E9EF2E-FF13-4AAB-AD56-3050EC6EB639}.Debug|Any CPU.ActiveCfg = Debug|Any CPU
		{38E9EF2E-FF13-4AAB-AD56-3050EC6EB639}.Debug|Any CPU.Build.0 = Debug|Any CPU
		{38E9EF2E-FF13-4AAB-AD56-3050EC6EB639}.Release|Any CPU.ActiveCfg = Release|Any CPU
		{38E9EF2E-FF13-4AAB-AD56-3050EC6EB639}.Release|Any CPU.Build.0 = Release|Any CPU
		{5E90FAE1-C73D-4209-829E-ADF778F75241}.Debug|Any CPU.ActiveCfg = Debug|Any CPU
		{5E90FAE1-C73D-4209-829E-ADF778F75241}.Debug|Any CPU.Build.0 = Debug|Any CPU
		{5E90FAE1-C73D-4209-829E-ADF778F75241}.Release|Any CPU.ActiveCfg = Release|Any CPU
		{5E90FAE1-C73D-4209-829E-ADF778F75241}.Release|Any CPU.Build.0 = Release|Any CPU
	EndGlobalSection
	GlobalSection(SolutionProperties) = preSolution
		HideSolutionNode = FALSE
	EndGlobalSection
	GlobalSection(ExtensibilityGlobals) = postSolution
		SolutionGuid = {3FB45BB6-31DC-4A32-A36D-A946C21D096E}
	EndGlobalSection
EndGlobal
